
Microsoft Visual Studio Solution File, Format Version 12.00
# Visual Studio Version 16
VisualStudioVersion = 16.0.31729.503
MinimumVisualStudioVersion = 10.0.40219.1
Project("{9A19103F-16F7-4668-BE54-9A1E7A4F7556}") = "BuildAnywhere", "BuildAnywhere.csproj", "{14E17A43-AD5F-468B-A642-F362E03D2B39}"
EndProject
Global
	GlobalSection(SolutionConfigurationPlatforms) = preSolution
		Debug|Any CPU = Debug|Any CPU
		Release|Any CPU = Release|Any CPU
	EndGlobalSection
	GlobalSection(ProjectConfigurationPlatforms) = postSolution
		{14E17A43-AD5F-468B-A642-F362E03D2B39}.Debug|Any CPU.ActiveCfg = Debug|Any CPU
		{14E17A43-AD5F-468B-A642-F362E03D2B39}.Debug|Any CPU.Build.0 = Debug|Any CPU
		{14E17A43-AD5F-468B-A642-F362E03D2B39}.Release|Any CPU.ActiveCfg = Release|Any CPU
		{14E17A43-AD5F-468B-A642-F362E03D2B39}.Release|Any CPU.Build.0 = Release|Any CPU
	EndGlobalSection
	GlobalSection(SolutionProperties) = preSolution
		HideSolutionNode = FALSE
	EndGlobalSection
	GlobalSection(ExtensibilityGlobals) = postSolution
		SolutionGuid = {E850B546-B6AF-486D-9EDC-00506B002780}
	EndGlobalSection
EndGlobal
